PODS:
  - BEMCheckBox (1.4.1)
  - boost (1.76.0)
  - DoubleConversion (1.1.6)
  - FBLazyVector (0.70.7)
  - FBReactNativeSpec (0.70.7):
    - RCT-Folly (= 2021.07.22.00)
    - RCTRequired (= 0.70.7)
    - RCTTypeSafety (= 0.70.7)
    - React-Core (= 0.70.7)
    - React-jsi (= 0.70.7)
    - ReactCommon/turbomodule/core (= 0.70.7)
  - fmt (6.2.1)
  - glog (0.3.5)
  - hermes-engine (0.70.7)
  - libevent (2.1.12)
  - Permission-Camera (3.6.1):
    - RNPermissions
  - RCT-Folly (2021.07.22.00):
    - boost
    - DoubleConversion
    - fmt (~> 6.2.1)
    - glog
    - RCT-Folly/Default (= 2021.07.22.00)
  - RCT-Folly/Default (2021.07.22.00):
    - boost
    - DoubleConversion
    - fmt (~> 6.2.1)
    - glog
  - RCT-Folly/Futures (2021.07.22.00):
    - boost
    - DoubleConversion
    - fmt (~> 6.2.1)
    - glog
    - libevent
  - RCTRequired (0.70.7)
  - RCTTypeSafety (0.70.7):
    - FBLazyVector (= 0.70.7)
    - RCTRequired (= 0.70.7)
    - React-Core (= 0.70.7)
  - React (0.70.7):
    - React-Core (= 0.70.7)
    - React-Core/DevSupport (= 0.70.7)
    - React-Core/RCTWebSocket (= 0.70.7)
    - React-RCTActionSheet (= 0.70.7)
    - React-RCTAnimation (= 0.70.7)
    - React-RCTBlob (= 0.70.7)
    - React-RCTImage (= 0.70.7)
    - React-RCTLinking (= 0.70.7)
    - React-RCTNetwork (= 0.70.7)
    - React-RCTSettings (= 0.70.7)
    - React-RCTText (= 0.70.7)
    - React-RCTVibration (= 0.70.7)
  - React-bridging (0.70.7):
    - RCT-Folly (= 2021.07.22.00)
    - React-jsi (= 0.70.7)
  - React-callinvoker (0.70.7)
  - React-Codegen (0.70.7):
    - FBReactNativeSpec (= 0.70.7)
    - RCT-Folly (= 2021.07.22.00)
    - RCTRequired (= 0.70.7)
    - RCTTypeSafety (= 0.70.7)
    - React-Core (= 0.70.7)
    - React-jsi (= 0.70.7)
    - React-jsiexecutor (= 0.70.7)
    - ReactCommon/turbomodule/core (= 0.70.7)
  - React-Core (0.70.7):
    - glog
    - RCT-Folly (= 2021.07.22.00)
    - React-Core/Default (= 0.70.7)
    - React-cxxreact (= 0.70.7)
    - React-jsi (= 0.70.7)
    - React-jsiexecutor (= 0.70.7)
    - React-perflogger (= 0.70.7)
    - Yoga
  - React-Core/CoreModulesHeaders (0.70.7):
    - glog
    - RCT-Folly (= 2021.07.22.00)
    - React-Core/Default
    - React-cxxreact (= 0.70.7)
    - React-jsi (= 0.70.7)
    - React-jsiexecutor (= 0.70.7)
    - React-perflogger (= 0.70.7)
    - Yoga
  - React-Core/Default (0.70.7):
    - glog
    - RCT-Folly (= 2021.07.22.00)
    - React-cxxreact (= 0.70.7)
    - React-jsi (= 0.70.7)
    - React-jsiexecutor (= 0.70.7)
    - React-perflogger (= 0.70.7)
    - Yoga
  - React-Core/DevSupport (0.70.7):
    - glog
    - RCT-Folly (= 2021.07.22.00)
    - React-Core/Default (= 0.70.7)
    - React-Core/RCTWebSocket (= 0.70.7)
    - React-cxxreact (= 0.70.7)
    - React-jsi (= 0.70.7)
    - React-jsiexecutor (= 0.70.7)
    - React-jsinspector (= 0.70.7)
    - React-perflogger (= 0.70.7)
    - Yoga
  - React-Core/RCTActionSheetHeaders (0.70.7):
    - glog
    - RCT-Folly (= 2021.07.22.00)
    - React-Core/Default
    - React-cxxreact (= 0.70.7)
    - React-jsi (= 0.70.7)
    - React-jsiexecutor (= 0.70.7)
    - React-perflogger (= 0.70.7)
    - Yoga
  - React-Core/RCTAnimationHeaders (0.70.7):
    - glog
    - RCT-Folly (= 2021.07.22.00)
    - React-Core/Default
    - React-cxxreact (= 0.70.7)
    - React-jsi (= 0.70.7)
    - React-jsiexecutor (= 0.70.7)
    - React-perflogger (= 0.70.7)
    - Yoga
  - React-Core/RCTBlobHeaders (0.70.7):
    - glog
    - RCT-Folly (= 2021.07.22.00)
    - React-Core/Default
    - React-cxxreact (= 0.70.7)
    - React-jsi (= 0.70.7)
    - React-jsiexecutor (= 0.70.7)
    - React-perflogger (= 0.70.7)
    - Yoga
  - React-Core/RCTImageHeaders (0.70.7):
    - glog
    - RCT-Folly (= 2021.07.22.00)
    - React-Core/Default
    - React-cxxreact (= 0.70.7)
    - React-jsi (= 0.70.7)
    - React-jsiexecutor (= 0.70.7)
    - React-perflogger (= 0.70.7)
    - Yoga
  - React-Core/RCTLinkingHeaders (0.70.7):
    - glog
    - RCT-Folly (= 2021.07.22.00)
    - React-Core/Default
    - React-cxxreact (= 0.70.7)
    - React-jsi (= 0.70.7)
    - React-jsiexecutor (= 0.70.7)
    - React-perflogger (= 0.70.7)
    - Yoga
  - React-Core/RCTNetworkHeaders (0.70.7):
    - glog
    - RCT-Folly (= 2021.07.22.00)
    - React-Core/Default
    - React-cxxreact (= 0.70.7)
    - React-jsi (= 0.70.7)
    - React-jsiexecutor (= 0.70.7)
    - React-perflogger (= 0.70.7)
    - Yoga
  - React-Core/RCTSettingsHeaders (0.70.7):
    - glog
    - RCT-Folly (= 2021.07.22.00)
    - React-Core/Default
    - React-cxxreact (= 0.70.7)
    - React-jsi (= 0.70.7)
    - React-jsiexecutor (= 0.70.7)
    - React-perflogger (= 0.70.7)
    - Yoga
  - React-Core/RCTTextHeaders (0.70.7):
    - glog
    - RCT-Folly (= 2021.07.22.00)
    - React-Core/Default
    - React-cxxreact (= 0.70.7)
    - React-jsi (= 0.70.7)
    - React-jsiexecutor (= 0.70.7)
    - React-perflogger (= 0.70.7)
    - Yoga
  - React-Core/RCTVibrationHeaders (0.70.7):
    - glog
    - RCT-Folly (= 2021.07.22.00)
    - React-Core/Default
    - React-cxxreact (= 0.70.7)
    - React-jsi (= 0.70.7)
    - React-jsiexecutor (= 0.70.7)
    - React-perflogger (= 0.70.7)
    - Yoga
  - React-Core/RCTWebSocket (0.70.7):
    - glog
    - RCT-Folly (= 2021.07.22.00)
    - React-Core/Default (= 0.70.7)
    - React-cxxreact (= 0.70.7)
    - React-jsi (= 0.70.7)
    - React-jsiexecutor (= 0.70.7)
    - React-perflogger (= 0.70.7)
    - Yoga
  - React-CoreModules (0.70.7):
    - RCT-Folly (= 2021.07.22.00)
    - RCTTypeSafety (= 0.70.7)
    - React-Codegen (= 0.70.7)
    - React-Core/CoreModulesHeaders (= 0.70.7)
    - React-jsi (= 0.70.7)
    - React-RCTImage (= 0.70.7)
    - ReactCommon/turbomodule/core (= 0.70.7)
  - React-cxxreact (0.70.7):
    - boost (= 1.76.0)
    - DoubleConversion
    - glog
    - RCT-Folly (= 2021.07.22.00)
    - React-callinvoker (= 0.70.7)
    - React-jsi (= 0.70.7)
    - React-jsinspector (= 0.70.7)
    - React-logger (= 0.70.7)
    - React-perflogger (= 0.70.7)
    - React-runtimeexecutor (= 0.70.7)
  - React-hermes (0.70.7):
    - DoubleConversion
    - glog
    - hermes-engine
    - RCT-Folly (= 2021.07.22.00)
    - RCT-Folly/Futures (= 2021.07.22.00)
    - React-cxxreact (= 0.70.7)
    - React-jsi (= 0.70.7)
    - React-jsiexecutor (= 0.70.7)
    - React-jsinspector (= 0.70.7)
    - React-perflogger (= 0.70.7)
  - React-jsi (0.70.7):
    - boost (= 1.76.0)
    - DoubleConversion
    - glog
    - RCT-Folly (= 2021.07.22.00)
    - React-jsi/Default (= 0.70.7)
  - React-jsi/Default (0.70.7):
    - boost (= 1.76.0)
    - DoubleConversion
    - glog
    - RCT-Folly (= 2021.07.22.00)
  - React-jsiexecutor (0.70.7):
    - DoubleConversion
    - glog
    - RCT-Folly (= 2021.07.22.00)
    - React-cxxreact (= 0.70.7)
    - React-jsi (= 0.70.7)
    - React-perflogger (= 0.70.7)
  - React-jsinspector (0.70.7)
  - React-logger (0.70.7):
    - glog
  - react-native-biometrics (3.0.1):
    - React-Core
  - react-native-camera (4.2.1):
    - React-Core
    - react-native-camera/RCT (= 4.2.1)
    - react-native-camera/RN (= 4.2.1)
  - react-native-camera/RCT (4.2.1):
    - React-Core
  - react-native-camera/RN (4.2.1):
    - React-Core
  - react-native-keep-awake (1.2.3):
    - React-Core
  - react-native-netinfo (9.5.0):
    - React-Core
  - react-native-pager-view (6.3.1):
    - React-Core
  - react-native-safe-area-context (4.10.1):
    - React-Core
  - react-native-simple-biometrics (1.5.2):
    - React-Core
  - React-perflogger (0.70.7)
  - React-RCTActionSheet (0.70.7):
    - React-Core/RCTActionSheetHeaders (= 0.70.7)
  - React-RCTAnimation (0.70.7):
    - RCT-Folly (= 2021.07.22.00)
    - RCTTypeSafety (= 0.70.7)
    - React-Codegen (= 0.70.7)
    - React-Core/RCTAnimationHeaders (= 0.70.7)
    - React-jsi (= 0.70.7)
    - ReactCommon/turbomodule/core (= 0.70.7)
  - React-RCTBlob (0.70.7):
    - RCT-Folly (= 2021.07.22.00)
    - React-Codegen (= 0.70.7)
    - React-Core/RCTBlobHeaders (= 0.70.7)
    - React-Core/RCTWebSocket (= 0.70.7)
    - React-jsi (= 0.70.7)
    - React-RCTNetwork (= 0.70.7)
    - ReactCommon/turbomodule/core (= 0.70.7)
  - React-RCTImage (0.70.7):
    - RCT-Folly (= 2021.07.22.00)
    - RCTTypeSafety (= 0.70.7)
    - React-Codegen (= 0.70.7)
    - React-Core/RCTImageHeaders (= 0.70.7)
    - React-jsi (= 0.70.7)
    - React-RCTNetwork (= 0.70.7)
    - ReactCommon/turbomodule/core (= 0.70.7)
  - React-RCTLinking (0.70.7):
    - React-Codegen (= 0.70.7)
    - React-Core/RCTLinkingHeaders (= 0.70.7)
    - React-jsi (= 0.70.7)
    - ReactCommon/turbomodule/core (= 0.70.7)
  - React-RCTNetwork (0.70.7):
    - RCT-Folly (= 2021.07.22.00)
    - RCTTypeSafety (= 0.70.7)
    - React-Codegen (= 0.70.7)
    - React-Core/RCTNetworkHeaders (= 0.70.7)
    - React-jsi (= 0.70.7)
    - ReactCommon/turbomodule/core (= 0.70.7)
  - React-RCTSettings (0.70.7):
    - RCT-Folly (= 2021.07.22.00)
    - RCTTypeSafety (= 0.70.7)
    - React-Codegen (= 0.70.7)
    - React-Core/RCTSettingsHeaders (= 0.70.7)
    - React-jsi (= 0.70.7)
    - ReactCommon/turbomodule/core (= 0.70.7)
  - React-RCTText (0.70.7):
    - React-Core/RCTTextHeaders (= 0.70.7)
  - React-RCTVibration (0.70.7):
    - RCT-Folly (= 2021.07.22.00)
    - React-Codegen (= 0.70.7)
    - React-Core/RCTVibrationHeaders (= 0.70.7)
    - React-jsi (= 0.70.7)
    - ReactCommon/turbomodule/core (= 0.70.7)
  - React-runtimeexecutor (0.70.7):
    - React-jsi (= 0.70.7)
  - ReactCommon/turbomodule/core (0.70.7):
    - DoubleConversion
    - glog
    - RCT-Folly (= 2021.07.22.00)
    - React-bridging (= 0.70.7)
    - React-callinvoker (= 0.70.7)
    - React-Core (= 0.70.7)
    - React-cxxreact (= 0.70.7)
    - React-jsi (= 0.70.7)
    - React-logger (= 0.70.7)
    - React-perflogger (= 0.70.7)
  - ReactNativeART (1.2.0):
    - React
  - RNCAsyncStorage (1.23.1):
    - React-Core
  - RNCCheckbox (0.5.17):
    - BEMCheckBox (~> 1.4)
    - React-Core
  - RNCClipboard (1.5.1):
    - React-Core
  - RNCPicker (2.7.5):
    - React-Core
  - RNFS (2.20.0):
    - React-Core
  - RNGestureHandler (2.16.2):
    - React-Core
  - RNLocalize (2.2.6):
    - React-Core
  - RNPermissions (3.6.1):
    - React-Core
  - RNReanimated (3.7.0):
    - DoubleConversion
    - FBLazyVector
    - FBReactNativeSpec
    - glog
    - hermes-engine
    - RCT-Folly
    - RCTRequired
    - RCTTypeSafety
    - React-callinvoker
    - React-Core
    - React-Core/DevSupport
    - React-Core/RCTWebSocket
    - React-CoreModules
    - React-cxxreact
    - React-hermes
    - React-jsi
    - React-jsiexecutor
    - React-jsinspector
    - React-RCTActionSheet
    - React-RCTAnimation
    - React-RCTBlob
    - React-RCTImage
    - React-RCTLinking
    - React-RCTNetwork
    - React-RCTSettings
    - React-RCTText
    - ReactCommon/turbomodule/core
    - Yoga
  - RNScreens (3.29.0):
    - React-Core
    - React-RCTImage
  - RNSnackbar (2.6.2):
    - React-Core
  - RNSVG (13.14.1):
    - React-Core
  - Yoga (1.14.0)

DEPENDENCIES:
  - boost (from `../node_modules/react-native/third-party-podspecs/boost.podspec`)
  - DoubleConversion (from `../node_modules/react-native/third-party-podspecs/DoubleConversion.podspec`)
  - FBLazyVector (from `../node_modules/react-native/Libraries/FBLazyVector`)
  - FBReactNativeSpec (from `../node_modules/react-native/React/FBReactNativeSpec`)
  - glog (from `../node_modules/react-native/third-party-podspecs/glog.podspec`)
  - hermes-engine (from `../node_modules/react-native/sdks/hermes/hermes-engine.podspec`)
  - libevent (~> 2.1.12)
  - Permission-Camera (from `../node_modules/react-native-permissions/ios/Camera`)
  - RCT-Folly (from `../node_modules/react-native/third-party-podspecs/RCT-Folly.podspec`)
  - RCTRequired (from `../node_modules/react-native/Libraries/RCTRequired`)
  - RCTTypeSafety (from `../node_modules/react-native/Libraries/TypeSafety`)
  - React (from `../node_modules/react-native/`)
  - React-bridging (from `../node_modules/react-native/ReactCommon`)
  - React-callinvoker (from `../node_modules/react-native/ReactCommon/callinvoker`)
  - React-Codegen (from `build/generated/ios`)
  - React-Core (from `../node_modules/react-native/`)
  - React-Core/RCTWebSocket (from `../node_modules/react-native/`)
  - React-CoreModules (from `../node_modules/react-native/React/CoreModules`)
  - React-cxxreact (from `../node_modules/react-native/ReactCommon/cxxreact`)
  - React-hermes (from `../node_modules/react-native/ReactCommon/hermes`)
  - React-jsi (from `../node_modules/react-native/ReactCommon/jsi`)
  - React-jsiexecutor (from `../node_modules/react-native/ReactCommon/jsiexecutor`)
  - React-jsinspector (from `../node_modules/react-native/ReactCommon/jsinspector`)
  - React-logger (from `../node_modules/react-native/ReactCommon/logger`)
  - react-native-biometrics (from `../node_modules/react-native-biometrics`)
  - react-native-camera (from `../node_modules/react-native-camera`)
  - "react-native-keep-awake (from `../node_modules/@sayem314/react-native-keep-awake`)"
  - "react-native-netinfo (from `../node_modules/@react-native-community/netinfo`)"
  - react-native-pager-view (from `../node_modules/react-native-pager-view`)
  - react-native-safe-area-context (from `../node_modules/react-native-safe-area-context`)
  - react-native-simple-biometrics (from `../node_modules/react-native-simple-biometrics`)
  - React-perflogger (from `../node_modules/react-native/ReactCommon/reactperflogger`)
  - React-RCTActionSheet (from `../node_modules/react-native/Libraries/ActionSheetIOS`)
  - React-RCTAnimation (from `../node_modules/react-native/Libraries/NativeAnimation`)
  - React-RCTBlob (from `../node_modules/react-native/Libraries/Blob`)
  - React-RCTImage (from `../node_modules/react-native/Libraries/Image`)
  - React-RCTLinking (from `../node_modules/react-native/Libraries/LinkingIOS`)
  - React-RCTNetwork (from `../node_modules/react-native/Libraries/Network`)
  - React-RCTSettings (from `../node_modules/react-native/Libraries/Settings`)
  - React-RCTText (from `../node_modules/react-native/Libraries/Text`)
  - React-RCTVibration (from `../node_modules/react-native/Libraries/Vibration`)
  - React-runtimeexecutor (from `../node_modules/react-native/ReactCommon/runtimeexecutor`)
  - ReactCommon/turbomodule/core (from `../node_modules/react-native/ReactCommon`)
  - "ReactNativeART (from `../node_modules/@react-native-community/art`)"
  - "RNCAsyncStorage (from `../node_modules/@react-native-async-storage/async-storage`)"
  - "RNCCheckbox (from `../node_modules/@react-native-community/checkbox`)"
  - "RNCClipboard (from `../node_modules/@react-native-community/clipboard`)"
  - "RNCPicker (from `../node_modules/@react-native-picker/picker`)"
  - RNFS (from `../node_modules/react-native-fs`)
  - RNGestureHandler (from `../node_modules/react-native-gesture-handler`)
  - RNLocalize (from `../node_modules/react-native-localize`)
  - RNPermissions (from `../node_modules/react-native-permissions`)
  - RNReanimated (from `../node_modules/react-native-reanimated`)
  - RNScreens (from `../node_modules/react-native-screens`)
  - RNSnackbar (from `../node_modules/react-native-snackbar`)
  - RNSVG (from `../node_modules/react-native-svg`)
  - Yoga (from `../node_modules/react-native/ReactCommon/yoga`)

SPEC REPOS:
  trunk:
    - BEMCheckBox
    - fmt
    - libevent

EXTERNAL SOURCES:
  boost:
    :podspec: "../node_modules/react-native/third-party-podspecs/boost.podspec"
  DoubleConversion:
    :podspec: "../node_modules/react-native/third-party-podspecs/DoubleConversion.podspec"
  FBLazyVector:
    :path: "../node_modules/react-native/Libraries/FBLazyVector"
  FBReactNativeSpec:
    :path: "../node_modules/react-native/React/FBReactNativeSpec"
  glog:
    :podspec: "../node_modules/react-native/third-party-podspecs/glog.podspec"
  hermes-engine:
    :podspec: "../node_modules/react-native/sdks/hermes/hermes-engine.podspec"
  Permission-Camera:
    :path: "../node_modules/react-native-permissions/ios/Camera"
  RCT-Folly:
    :podspec: "../node_modules/react-native/third-party-podspecs/RCT-Folly.podspec"
  RCTRequired:
    :path: "../node_modules/react-native/Libraries/RCTRequired"
  RCTTypeSafety:
    :path: "../node_modules/react-native/Libraries/TypeSafety"
  React:
    :path: "../node_modules/react-native/"
  React-bridging:
    :path: "../node_modules/react-native/ReactCommon"
  React-callinvoker:
    :path: "../node_modules/react-native/ReactCommon/callinvoker"
  React-Codegen:
    :path: build/generated/ios
  React-Core:
    :path: "../node_modules/react-native/"
  React-CoreModules:
    :path: "../node_modules/react-native/React/CoreModules"
  React-cxxreact:
    :path: "../node_modules/react-native/ReactCommon/cxxreact"
  React-hermes:
    :path: "../node_modules/react-native/ReactCommon/hermes"
  React-jsi:
    :path: "../node_modules/react-native/ReactCommon/jsi"
  React-jsiexecutor:
    :path: "../node_modules/react-native/ReactCommon/jsiexecutor"
  React-jsinspector:
    :path: "../node_modules/react-native/ReactCommon/jsinspector"
  React-logger:
    :path: "../node_modules/react-native/ReactCommon/logger"
  react-native-biometrics:
    :path: "../node_modules/react-native-biometrics"
  react-native-camera:
    :path: "../node_modules/react-native-camera"
  react-native-keep-awake:
    :path: "../node_modules/@sayem314/react-native-keep-awake"
  react-native-netinfo:
    :path: "../node_modules/@react-native-community/netinfo"
  react-native-pager-view:
    :path: "../node_modules/react-native-pager-view"
  react-native-safe-area-context:
    :path: "../node_modules/react-native-safe-area-context"
  react-native-simple-biometrics:
    :path: "../node_modules/react-native-simple-biometrics"
  React-perflogger:
    :path: "../node_modules/react-native/ReactCommon/reactperflogger"
  React-RCTActionSheet:
    :path: "../node_modules/react-native/Libraries/ActionSheetIOS"
  React-RCTAnimation:
    :path: "../node_modules/react-native/Libraries/NativeAnimation"
  React-RCTBlob:
    :path: "../node_modules/react-native/Libraries/Blob"
  React-RCTImage:
    :path: "../node_modules/react-native/Libraries/Image"
  React-RCTLinking:
    :path: "../node_modules/react-native/Libraries/LinkingIOS"
  React-RCTNetwork:
    :path: "../node_modules/react-native/Libraries/Network"
  React-RCTSettings:
    :path: "../node_modules/react-native/Libraries/Settings"
  React-RCTText:
    :path: "../node_modules/react-native/Libraries/Text"
  React-RCTVibration:
    :path: "../node_modules/react-native/Libraries/Vibration"
  React-runtimeexecutor:
    :path: "../node_modules/react-native/ReactCommon/runtimeexecutor"
  ReactCommon:
    :path: "../node_modules/react-native/ReactCommon"
  ReactNativeART:
    :path: "../node_modules/@react-native-community/art"
  RNCAsyncStorage:
    :path: "../node_modules/@react-native-async-storage/async-storage"
  RNCCheckbox:
    :path: "../node_modules/@react-native-community/checkbox"
  RNCClipboard:
    :path: "../node_modules/@react-native-community/clipboard"
  RNCPicker:
    :path: "../node_modules/@react-native-picker/picker"
  RNFS:
    :path: "../node_modules/react-native-fs"
  RNGestureHandler:
    :path: "../node_modules/react-native-gesture-handler"
  RNLocalize:
    :path: "../node_modules/react-native-localize"
  RNPermissions:
    :path: "../node_modules/react-native-permissions"
  RNReanimated:
    :path: "../node_modules/react-native-reanimated"
  RNScreens:
    :path: "../node_modules/react-native-screens"
  RNSnackbar:
    :path: "../node_modules/react-native-snackbar"
  RNSVG:
    :path: "../node_modules/react-native-svg"
  Yoga:
    :path: "../node_modules/react-native/ReactCommon/yoga"

SPEC CHECKSUMS:
  BEMCheckBox: 5ba6e37ade3d3657b36caecc35c8b75c6c2b1a4e
  boost: a7c83b31436843459a1961bfd74b96033dc77234
  DoubleConversion: 5189b271737e1565bdce30deb4a08d647e3f5f54
  FBLazyVector: a6454570f573a0f6f1d397e5a95c13e8e45d1700
  FBReactNativeSpec: 09e8dfba44487e5dc4882a9f5318cde67549549c
  fmt: ff9d55029c625d3757ed641535fd4a75fedc7ce9
  glog: 04b94705f318337d7ead9e6d17c019bd9b1f6b1b
  hermes-engine: 566e656aa95456a3f3f739fd76ea9a9656f2633f
  libevent: 4049cae6c81cdb3654a443be001fb9bdceff7913
  Permission-Camera: bf6791b17c7f614b6826019fcfdcc286d3a107f6
  RCT-Folly: 0080d0a6ebf2577475bda044aa59e2ca1f909cda
  RCTRequired: 837880d26ec119e105317dc28a456f3016bf16d1
  RCTTypeSafety: 5c854c04c3383cab04f404e25d408ed52124b300
  React: ec6efc54c0fbb7c2e7147624c78065be80753082
  React-bridging: 7dd96a58f896a1a7422a491d17ec644e87277953
  React-callinvoker: f348d204f7bbe6020d4fd0dd57303f5b48a28003
  React-Codegen: 73350192a09163a640c23baf795464474be0d793
  React-Core: c57b11fd672421049038ef36881372da2605a0cd
  React-CoreModules: 2d91acffc3924adac6b508e3fc44121aa719ec40
  React-cxxreact: ee2ab13a1db086dc152421aa42dc94cc68f412a1
  React-hermes: be9d64f5019238ce22ae4e7d242c4f2e96d60595
  React-jsi: 04031a830f9714e95d517153817ba7bfc15bfdf8
  React-jsiexecutor: e95cdd036e7947ddf87f3049319ac3064deb76b5
  React-jsinspector: 1c34fea1868136ecde647bc11fae9266d4143693
  React-logger: e9f407f9fdf3f3ce7749ae6f88affe63e8446019
  react-native-biometrics: 352e5a794bfffc46a0c86725ea7dc62deb085bdc
  react-native-camera: 3eae183c1d111103963f3dd913b65d01aef8110f
  react-native-keep-awake: 5cfb49d1b2ee4321b2ffbc651e2d6d64d6f66772
  react-native-netinfo: 48c5f79a84fbc3ba1d28a8b0d04adeda72885fa8
  react-native-pager-view: 08a419bd1acbca67de125a336ccf579118c5fe16
  react-native-safe-area-context: dcab599c527c2d7de2d76507a523d20a0b83823d
  react-native-simple-biometrics: 0f8ace5091780426188cef7f7593259effcd448e
  React-perflogger: 52a94f38c19a518d05726624b49bfc192639374d
  React-RCTActionSheet: 7b89fe64a852bc3ae39b91dbd142ef09931ef3f7
  React-RCTAnimation: ad84bfbf8c5f6f77e65092d0c2b0506b80b5cf99
  React-RCTBlob: e4ee3ab649459329f5aa59d903762bfbd6164220
  React-RCTImage: aeb508f6ac80a94904a646dde61b0f67ea757ea7
  React-RCTLinking: 1171b3fdc265c479b7039069ce7e8fef68ca70aa
  React-RCTNetwork: 5d87cc4afd1fcef86fb2f804f26366f0314769fe
  React-RCTSettings: 644545854880b7d03c49f620664a307fd4613a1d
  React-RCTText: f8e4a283be2290a76b89f4a83ba2277faf90930d
  React-RCTVibration: eb7837d55b87c7a4ead3ab7632ad70dca87c65dc
  React-runtimeexecutor: 7cec9ed92ebde8309902530bb566819645c84ee5
  ReactCommon: 0253d197eaa7f6689dcd3e7d5360449ab93e10df
  ReactNativeART: 78edc68dd4a1e675338cd0cd113319cf3a65f2ab
  RNCAsyncStorage: 826b603ae9c0f88b5ac4e956801f755109fa4d5c
  RNCCheckbox: a3ca9978cb0846b981d28da4e9914bd437403d77
  RNCClipboard: 41d8d918092ae8e676f18adada19104fa3e68495
  RNCPicker: 3e2c37a8328f368ce14da050cdc8231deb5fc9f9
  RNFS: 4ac0f0ea233904cb798630b3c077808c06931688
  RNGestureHandler: 7d8bc16a05220fa1827ff734e418d9044b0cce3d
  RNLocalize: d4b8af4e442d4bcca54e68fc687a2129b4d71a81
  RNPermissions: dcdb7b99796bbeda6975a6e79ad519c41b251b1c
  RNReanimated: 0bc0f8512be90069d838fd80436c42644ca0b55b
  RNScreens: fa9b582d85ae5d62c91c66003b5278458fed7aaa
  RNSnackbar: 3727b42bf6c4314a53c18185b5203e915a4ab020
  RNSVG: af3907ac5d4fa26a862b75a16d8f15bc74f2ceda
  Yoga: 92d086bb705a41cc588599b51db726ba7b1d341c

PODFILE CHECKSUM: a491f5ada7a72d15587d48539de35f391686df2b

COCOAPODS: 1.15.2
